
Microsoft Visual Studio Solution File, Format Version 12.00
# Visual Studio Version 17
VisualStudioVersion = 17.0.31903.59
MinimumVisualStudioVersion = 10.0.40219.1
Project("{2150E333-8FDC-42A3-9474-1A3956D46DE8}") = "src", "src", "{0196E518-1C03-4421-9248-87345146CA19}"
EndProject
Project("{2150E333-8FDC-42A3-9474-1A3956D46DE8}") = "tests", "tests", "{A55A5AB3-6822-4B66-8BDB-C5E83C7A8DB5}"
EndProject
Project("{2150E333-8FDC-42A3-9474-1A3956D46DE8}") = "deployment", "deployment", "{2D042B4E-6E8D-449C-B1F6-99ACB6654218}"
EndProject
Project("{2150E333-8FDC-42A3-9474-1A3956D46DE8}") = "Employee", "Employee", "{E660F13C-B273-4504-8812-074BAAE0C3DF}"
EndProject
Project("{9A19103F-16F7-4668-BE54-9A1E7A4F7556}") = "Employee.API", "src\Employee\Employee.API\Employee.API.csproj", "{6A7C1D10-6655-4D05-992C-152FBBF7A0A3}"
EndProject
Project("{9A19103F-16F7-4668-BE54-9A1E7A4F7556}") = "Employee.Domain", "src\Employee\Employee.Domain\Employee.Domain.csproj", "{52624507-400C-4FCB-AAFA-158A0C37BB6F}"
EndProject
Project("{9A19103F-16F7-4668-BE54-9A1E7A4F7556}") = "Employee.Application", "src\Employee\Employee.Application\Employee.Application.csproj", "{23408A45-4099-4C8A-8133-67079B6E2ED7}"
EndProject
Project("{9A19103F-16F7-4668-BE54-9A1E7A4F7556}") = "Employee.Infrastructure", "src\Employee\Employee.Infrastructure\Employee.Infrastructure.csproj", "{56A5421E-6E70-4C73-9472-727D3F08377E}"
EndProject
Project("{2150E333-8FDC-42A3-9474-1A3956D46DE8}") = "Department", "Department", "{BDF8B857-1463-44EE-8D61-EB0EA755CFB2}"
EndProject
Project("{2150E333-8FDC-42A3-9474-1A3956D46DE8}") = "Position", "Position", "{9AA5D109-C0BC-4DCA-812B-C281428ED7C9}"
EndProject
Project("{2150E333-8FDC-42A3-9474-1A3956D46DE8}") = "Project", "Project", "{4EDF6D29-EC94-44F4-8123-F0BBB149E5CD}"
EndProject
Project("{9A19103F-16F7-4668-BE54-9A1E7A4F7556}") = "Department.API", "src\Department\Department.API\Department.API.csproj", "{FE7F0554-0CE9-438C-85C3-BFD3A4CD4610}"
EndProject
Project("{9A19103F-16F7-4668-BE54-9A1E7A4F7556}") = "Position.API", "src\Position\Position.API\Position.API.csproj", "{92D067F7-A286-40A5-8C34-5A06811CCC72}"
EndProject
Project("{9A19103F-16F7-4668-BE54-9A1E7A4F7556}") = "Project.API", "src\Project\Project.API\Project.API.csproj", "{676C6029-0948-4516-BCC2-D137C217223B}"
EndProject
Project("{2150E333-8FDC-42A3-9474-1A3956D46DE8}") = "APIGateway", "APIGateway", "{2A318352-7868-42C2-BF6D-16D1300B6DC3}"
EndProject
Project("{FAE04EC0-301F-11D3-BF4B-00C04F79EFBC}") = "APIGateway.API", "src\APIGateway\APIGateway.API\APIGateway.API.csproj", "{EB1A843E-BDE2-4B98-9875-978A912D4AB6}"
EndProject
Project("{E53339B2-1760-4266-BCC7-CA923CBCF16C}") = "docker-compose", "docker-compose.dcproj", "{86138046-8B50-4225-A9DF-63A726C3D679}"
EndProject
Global
	GlobalSection(SolutionConfigurationPlatforms) = preSolution
		Debug|Any CPU = Debug|Any CPU
		Release|Any CPU = Release|Any CPU
	EndGlobalSection
	GlobalSection(ProjectConfigurationPlatforms) = postSolution
		{6A7C1D10-6655-4D05-992C-152FBBF7A0A3}.Debug|Any CPU.ActiveCfg = Debug|Any CPU
		{6A7C1D10-6655-4D05-992C-152FBBF7A0A3}.Debug|Any CPU.Build.0 = Debug|Any CPU
		{6A7C1D10-6655-4D05-992C-152FBBF7A0A3}.Release|Any CPU.ActiveCfg = Release|Any CPU
		{6A7C1D10-6655-4D05-992C-152FBBF7A0A3}.Release|Any CPU.Build.0 = Release|Any CPU
		{52624507-400C-4FCB-AAFA-158A0C37BB6F}.Debug|Any CPU.ActiveCfg = Debug|Any CPU
		{52624507-400C-4FCB-AAFA-158A0C37BB6F}.Debug|Any CPU.Build.0 = Debug|Any CPU
		{52624507-400C-4FCB-AAFA-158A0C37BB6F}.Release|Any CPU.ActiveCfg = Release|Any CPU
		{52624507-400C-4FCB-AAFA-158A0C37BB6F}.Release|Any CPU.Build.0 = Release|Any CPU
		{23408A45-4099-4C8A-8133-67079B6E2ED7}.Debug|Any CPU.ActiveCfg = Debug|Any CPU
		{23408A45-4099-4C8A-8133-67079B6E2ED7}.Debug|Any CPU.Build.0 = Debug|Any CPU
		{23408A45-4099-4C8A-8133-67079B6E2ED7}.Release|Any CPU.ActiveCfg = Release|Any CPU
		{23408A45-4099-4C8A-8133-67079B6E2ED7}.Release|Any CPU.Build.0 = Release|Any CPU
		{56A5421E-6E70-4C73-9472-727D3F08377E}.Debug|Any CPU.ActiveCfg = Debug|Any CPU
		{56A5421E-6E70-4C73-9472-727D3F08377E}.Debug|Any CPU.Build.0 = Debug|Any CPU
		{56A5421E-6E70-4C73-9472-727D3F08377E}.Release|Any CPU.ActiveCfg = Release|Any CPU
		{56A5421E-6E70-4C73-9472-727D3F08377E}.Release|Any CPU.Build.0 = Release|Any CPU
		{FE7F0554-0CE9-438C-85C3-BFD3A4CD4610}.Debug|Any CPU.ActiveCfg = Debug|Any CPU
		{FE7F0554-0CE9-438C-85C3-BFD3A4CD4610}.Debug|Any CPU.Build.0 = Debug|Any CPU
		{FE7F0554-0CE9-438C-85C3-BFD3A4CD4610}.Release|Any CPU.ActiveCfg = Release|Any CPU
		{FE7F0554-0CE9-438C-85C3-BFD3A4CD4610}.Release|Any CPU.Build.0 = Release|Any CPU
		{92D067F7-A286-40A5-8C34-5A06811CCC72}.Debug|Any CPU.ActiveCfg = Debug|Any CPU
		{92D067F7-A286-40A5-8C34-5A06811CCC72}.Debug|Any CPU.Build.0 = Debug|Any CPU
		{92D067F7-A286-40A5-8C34-5A06811CCC72}.Release|Any CPU.ActiveCfg = Release|Any CPU
		{92D067F7-A286-40A5-8C34-5A06811CCC72}.Release|Any CPU.Build.0 = Release|Any CPU
		{676C6029-0948-4516-BCC2-D137C217223B}.Debug|Any CPU.ActiveCfg = Debug|Any CPU
		{676C6029-0948-4516-BCC2-D137C217223B}.Debug|Any CPU.Build.0 = Debug|Any CPU
		{676C6029-0948-4516-BCC2-D137C217223B}.Release|Any CPU.ActiveCfg = Release|Any CPU
		{676C6029-0948-4516-BCC2-D137C217223B}.Release|Any CPU.Build.0 = Release|Any CPU
		{EB1A843E-BDE2-4B98-9875-978A912D4AB6}.Debug|Any CPU.ActiveCfg = Debug|Any CPU
		{EB1A843E-BDE2-4B98-9875-978A912D4AB6}.Debug|Any CPU.Build.0 = Debug|Any CPU
		{EB1A843E-BDE2-4B98-9875-978A912D4AB6}.Release|Any CPU.ActiveCfg = Release|Any CPU
		{EB1A843E-BDE2-4B98-9875-978A912D4AB6}.Release|Any CPU.Build.0 = Release|Any CPU
		{86138046-8B50-4225-A9DF-63A726C3D679}.Debug|Any CPU.ActiveCfg = Debug|Any CPU
		{86138046-8B50-4225-A9DF-63A726C3D679}.Debug|Any CPU.Build.0 = Debug|Any CPU
		{86138046-8B50-4225-A9DF-63A726C3D679}.Release|Any CPU.ActiveCfg = Release|Any CPU
		{86138046-8B50-4225-A9DF-63A726C3D679}.Release|Any CPU.Build.0 = Release|Any CPU
	EndGlobalSection
	GlobalSection(SolutionProperties) = preSolution
		HideSolutionNode = FALSE
	EndGlobalSection
	GlobalSection(NestedProjects) = preSolution
		{E660F13C-B273-4504-8812-074BAAE0C3DF} = {0196E518-1C03-4421-9248-87345146CA19}
		{6A7C1D10-6655-4D05-992C-152FBBF7A0A3} = {E660F13C-B273-4504-8812-074BAAE0C3DF}
		{52624507-400C-4FCB-AAFA-158A0C37BB6F} = {E660F13C-B273-4504-8812-074BAAE0C3DF}
		{23408A45-4099-4C8A-8133-67079B6E2ED7} = {E660F13C-B273-4504-8812-074BAAE0C3DF}
		{56A5421E-6E70-4C73-9472-727D3F08377E} = {E660F13C-B273-4504-8812-074BAAE0C3DF}
		{BDF8B857-1463-44EE-8D61-EB0EA755CFB2} = {0196E518-1C03-4421-9248-87345146CA19}
		{9AA5D109-C0BC-4DCA-812B-C281428ED7C9} = {0196E518-1C03-4421-9248-87345146CA19}
		{4EDF6D29-EC94-44F4-8123-F0BBB149E5CD} = {0196E518-1C03-4421-9248-87345146CA19}
		{FE7F0554-0CE9-438C-85C3-BFD3A4CD4610} = {BDF8B857-1463-44EE-8D61-EB0EA755CFB2}
		{92D067F7-A286-40A5-8C34-5A06811CCC72} = {9AA5D109-C0BC-4DCA-812B-C281428ED7C9}
		{676C6029-0948-4516-BCC2-D137C217223B} = {4EDF6D29-EC94-44F4-8123-F0BBB149E5CD}
		{2A318352-7868-42C2-BF6D-16D1300B6DC3} = {0196E518-1C03-4421-9248-87345146CA19}
		{EB1A843E-BDE2-4B98-9875-978A912D4AB6} = {2A318352-7868-42C2-BF6D-16D1300B6DC3}
	EndGlobalSection
	GlobalSection(ExtensibilityGlobals) = postSolution
		SolutionGuid = {BC1AE471-9880-4132-ADE3-C2E82B40B5F7}
	EndGlobalSection
EndGlobal
